
Microsoft Visual Studio Solution File, Format Version 12.00
# Visual Studio 14
VisualStudioVersion = 14.0.25420.1
MinimumVisualStudioVersion = 10.0.40219.1
Project("{FAE04EC0-301F-11D3-BF4B-00C04F79EFBC}") = "Chap4bProject", "Chap4bProject\Chap4bProject.csproj", "{6B24C6B6-E92E-4CB0-8E7F-B52A6AA18F59}"
EndProject
Global
	GlobalSection(SolutionConfigurationPlatforms) = preSolution
		Debug|Any CPU = Debug|Any CPU
		Release|Any CPU = Release|Any CPU
	EndGlobalSection
	GlobalSection(ProjectConfigurationPlatforms) = postSolution
		{6B24C6B6-E92E-4CB0-8E7F-B52A6AA18F59}.Debug|Any CPU.ActiveCfg = Debug|Any CPU
		{6B24C6B6-E92E-4CB0-8E7F-B52A6AA18F59}.Debug|Any CPU.Build.0 = Debug|Any CPU
		{6B24C6B6-E92E-4CB0-8E7F-B52A6AA18F59}.Release|Any CPU.ActiveCfg = Release|Any CPU
		{6B24C6B6-E92E-4CB0-8E7F-B52A6AA18F59}.Release|Any CPU.Build.0 = Release|Any CPU
	EndGlobalSection
	GlobalSection(SolutionProperties) = preSolution
		HideSolutionNode = FALSE
	EndGlobalSection
EndGlobal
